
Microsoft Visual Studio Solution File, Format Version 12.00
# Visual Studio Version 16
VisualStudioVersion = 16.0.29709.97
MinimumVisualStudioVersion = 10.0.40219.1
Project("{FAE04EC0-301F-11D3-BF4B-00C04F79EFBC}") = "Twitter", "Twitter\Twitter.csproj", "{88A43B6B-5240-479D-8703-4EDBDEF75A02}"
EndProject
Global
	GlobalSection(SolutionConfigurationPlatforms) = preSolution
		Debug|Any CPU = Debug|Any CPU
		Release|Any CPU = Release|Any CPU
	EndGlobalSection
	GlobalSection(ProjectConfigurationPlatforms) = postSolution
		{88A43B6B-5240-479D-8703-4EDBDEF75A02}.Debug|Any CPU.ActiveCfg = Debug|Any CPU
		{88A43B6B-5240-479D-8703-4EDBDEF75A02}.Debug|Any CPU.Build.0 = Debug|Any CPU
		{88A43B6B-5240-479D-8703-4EDBDEF75A02}.Release|Any CPU.ActiveCfg = Release|Any CPU
		{88A43B6B-5240-479D-8703-4EDBDEF75A02}.Release|Any CPU.Build.0 = Release|Any CPU
	EndGlobalSection
	GlobalSection(SolutionProperties) = preSolution
		HideSolutionNode = FALSE
	EndGlobalSection
	GlobalSection(ExtensibilityGlobals) = postSolution
		SolutionGuid = {EECCBD8E-85C1-4AA3-9C18-F4C32C886257}
	EndGlobalSection
EndGlobal
